
Microsoft Visual Studio Solution File, Format Version 12.00
# Visual Studio 15
VisualStudioVersion = 15.0.26403.7
MinimumVisualStudioVersion = 10.0.40219.1
Project("{FAE04EC0-301F-11D3-BF4B-00C04F79EFBC}") = "Sample_Project", "Sample Project\Sample_Project\Sample_Project.csproj", "{789DC42E-4530-4A81-A1DE-27BB06ED051F}"
EndProject
Project("{FAE04EC0-301F-11D3-BF4B-00C04F79EFBC}") = "Sample_Project.Android", "Sample Project\Sample_Project.Android\Sample_Project.Android.csproj", "{0B633E77-8980-4624-9416-FE2E6ECBD5A4}"
EndProject
Project("{FAE04EC0-301F-11D3-BF4B-00C04F79EFBC}") = "Sample_Project.iOS", "Sample Project\Sample_Project.iOS\Sample_Project.iOS.csproj", "{E38446D4-2C11-4E11-87BF-F0F4CDF76868}"
EndProject
Project("{FAE04EC0-301F-11D3-BF4B-00C04F79EFBC}") = "Sample_Project.UWP", "Sample Project\Sample_Project.UWP\Sample_Project.UWP.csproj", "{FD34C078-4603-44E1-99AA-61B328002FC8}"
EndProject
Global
	GlobalSection(SolutionConfigurationPlatforms) = preSolution
		Debug|Any CPU = Debug|Any CPU
		Debug|ARM = Debug|ARM
		Debug|iPhone = Debug|iPhone
		Debug|iPhoneSimulator = Debug|iPhoneSimulator
		Debug|x64 = Debug|x64
		Debug|x86 = Debug|x86
		Release|Any CPU = Release|Any CPU
		Release|ARM = Release|ARM
		Release|iPhone = Release|iPhone
		Release|iPhoneSimulator = Release|iPhoneSimulator
		Release|x64 = Release|x64
		Release|x86 = Release|x86
	EndGlobalSection
	GlobalSection(ProjectConfigurationPlatforms) = postSolution
		{789DC42E-4530-4A81-A1DE-27BB06ED051F}.Debug|Any CPU.ActiveCfg = Debug|Any CPU
		{789DC42E-4530-4A81-A1DE-27BB06ED051F}.Debug|Any CPU.Build.0 = Debug|Any CPU
		{789DC42E-4530-4A81-A1DE-27BB06ED051F}.Debug|ARM.ActiveCfg = Debug|Any CPU
		{789DC42E-4530-4A81-A1DE-27BB06ED051F}.Debug|ARM.Build.0 = Debug|Any CPU
		{789DC42E-4530-4A81-A1DE-27BB06ED051F}.Debug|iPhone.ActiveCfg = Debug|Any CPU
		{789DC42E-4530-4A81-A1DE-27BB06ED051F}.Debug|iPhone.Build.0 = Debug|Any CPU
		{789DC42E-4530-4A81-A1DE-27BB06ED051F}.Debug|iPhoneSimulator.ActiveCfg = Debug|Any CPU
		{789DC42E-4530-4A81-A1DE-27BB06ED051F}.Debug|iPhoneSimulator.Build.0 = Debug|Any CPU
		{789DC42E-4530-4A81-A1DE-27BB06ED051F}.Debug|x64.ActiveCfg = Debug|Any CPU
		{789DC42E-4530-4A81-A1DE-27BB06ED051F}.Debug|x64.Build.0 = Debug|Any CPU
		{789DC42E-4530-4A81-A1DE-27BB06ED051F}.Debug|x86.ActiveCfg = Debug|Any CPU
		{789DC42E-4530-4A81-A1DE-27BB06ED051F}.Debug|x86.Build.0 = Debug|Any CPU
		{789DC42E-4530-4A81-A1DE-27BB06ED051F}.Release|Any CPU.ActiveCfg = Release|Any CPU
		{789DC42E-4530-4A81-A1DE-27BB06ED051F}.Release|Any CPU.Build.0 = Release|Any CPU
		{789DC42E-4530-4A81-A1DE-27BB06ED051F}.Release|ARM.ActiveCfg = Release|Any CPU
		{789DC42E-4530-4A81-A1DE-27BB06ED051F}.Release|ARM.Build.0 = Release|Any CPU
		{789DC42E-4530-4A81-A1DE-27BB06ED051F}.Release|iPhone.ActiveCfg = Release|Any CPU
		{789DC42E-4530-4A81-A1DE-27BB06ED051F}.Release|iPhone.Build.0 = Release|Any CPU
		{789DC42E-4530-4A81-A1DE-27BB06ED051F}.Release|iPhoneSimulator.ActiveCfg = Release|Any CPU
		{789DC42E-4530-4A81-A1DE-27BB06ED051F}.Release|iPhoneSimulator.Build.0 = Release|Any CPU
		{789DC42E-4530-4A81-A1DE-27BB06ED051F}.Release|x64.ActiveCfg = Release|Any CPU
		{789DC42E-4530-4A81-A1DE-27BB06ED051F}.Release|x64.Build.0 = Release|Any CPU
		{789DC42E-4530-4A81-A1DE-27BB06ED051F}.Release|x86.ActiveCfg = Release|Any CPU
		{789DC42E-4530-4A81-A1DE-27BB06ED051F}.Release|x86.Build.0 = Release|Any CPU
		{0B633E77-8980-4624-9416-FE2E6ECBD5A4}.Debug|Any CPU.ActiveCfg = Debug|Any CPU
		{0B633E77-8980-4624-9416-FE2E6ECBD5A4}.Debug|Any CPU.Build.0 = Debug|Any CPU
		{0B633E77-8980-4624-9416-FE2E6ECBD5A4}.Debug|Any CPU.Deploy.0 = Debug|Any CPU
		{0B633E77-8980-4624-9416-FE2E6ECBD5A4}.Debug|ARM.ActiveCfg = Debug|Any CPU
		{0B633E77-8980-4624-9416-FE2E6ECBD5A4}.Debug|ARM.Build.0 = Debug|Any CPU
		{0B633E77-8980-4624-9416-FE2E6ECBD5A4}.Debug|ARM.Deploy.0 = Debug|Any CPU
		{0B633E77-8980-4624-9416-FE2E6ECBD5A4}.Debug|iPhone.ActiveCfg = Debug|Any CPU
		{0B633E77-8980-4624-9416-FE2E6ECBD5A4}.Debug|iPhone.Build.0 = Debug|Any CPU
		{0B633E77-8980-4624-9416-FE2E6ECBD5A4}.Debug|iPhone.Deploy.0 = Debug|Any CPU
		{0B633E77-8980-4624-9416-FE2E6ECBD5A4}.Debug|iPhoneSimulator.ActiveCfg = Debug|Any CPU
		{0B633E77-8980-4624-9416-FE2E6ECBD5A4}.Debug|iPhoneSimulator.Build.0 = Debug|Any CPU
		{0B633E77-8980-4624-9416-FE2E6ECBD5A4}.Debug|iPhoneSimulator.Deploy.0 = Debug|Any CPU
		{0B633E77-8980-4624-9416-FE2E6ECBD5A4}.Debug|x64.ActiveCfg = Debug|Any CPU
		{0B633E77-8980-4624-9416-FE2E6ECBD5A4}.Debug|x64.Build.0 = Debug|Any CPU
		{0B633E77-8980-4624-9416-FE2E6ECBD5A4}.Debug|x64.Deploy.0 = Debug|Any CPU
		{0B633E77-8980-4624-9416-FE2E6ECBD5A4}.Debug|x86.ActiveCfg = Debug|Any CPU
		{0B633E77-8980-4624-9416-FE2E6ECBD5A4}.Debug|x86.Build.0 = Debug|Any CPU
		{0B633E77-8980-4624-9416-FE2E6ECBD5A4}.Debug|x86.Deploy.0 = Debug|Any CPU
		{0B633E77-8980-4624-9416-FE2E6ECBD5A4}.Release|Any CPU.ActiveCfg = Release|Any CPU
		{0B633E77-8980-4624-9416-FE2E6ECBD5A4}.Release|Any CPU.Build.0 = Release|Any CPU
		{0B633E77-8980-4624-9416-FE2E6ECBD5A4}.Release|Any CPU.Deploy.0 = Release|Any CPU
		{0B633E77-8980-4624-9416-FE2E6ECBD5A4}.Release|ARM.ActiveCfg = Release|Any CPU
		{0B633E77-8980-4624-9416-FE2E6ECBD5A4}.Release|ARM.Build.0 = Release|Any CPU
		{0B633E77-8980-4624-9416-FE2E6ECBD5A4}.Release|ARM.Deploy.0 = Release|Any CPU
		{0B633E77-8980-4624-9416-FE2E6ECBD5A4}.Release|iPhone.ActiveCfg = Release|Any CPU
		{0B633E77-8980-4624-9416-FE2E6ECBD5A4}.Release|iPhone.Build.0 = Release|Any CPU
		{0B633E77-8980-4624-9416-FE2E6ECBD5A4}.Release|iPhone.Deploy.0 = Release|Any CPU
		{0B633E77-8980-4624-9416-FE2E6ECBD5A4}.Release|iPhoneSimulator.ActiveCfg = Release|Any CPU
		{0B633E77-8980-4624-9416-FE2E6ECBD5A4}.Release|iPhoneSimulator.Build.0 = Release|Any CPU
		{0B633E77-8980-4624-9416-FE2E6ECBD5A4}.Release|iPhoneSimulator.Deploy.0 = Release|Any CPU
		{0B633E77-8980-4624-9416-FE2E6ECBD5A4}.Release|x64.ActiveCfg = Release|Any CPU
		{0B633E77-8980-4624-9416-FE2E6ECBD5A4}.Release|x64.Build.0 = Release|Any CPU
		{0B633E77-8980-4624-9416-FE2E6ECBD5A4}.Release|x64.Deploy.0 = Release|Any CPU
		{0B633E77-8980-4624-9416-FE2E6ECBD5A4}.Release|x86.ActiveCfg = Release|Any CPU
		{0B633E77-8980-4624-9416-FE2E6ECBD5A4}.Release|x86.Build.0 = Release|Any CPU
		{0B633E77-8980-4624-9416-FE2E6ECBD5A4}.Release|x86.Deploy.0 = Release|Any CPU
		{E38446D4-2C11-4E11-87BF-F0F4CDF76868}.Debug|Any CPU.ActiveCfg = Debug|iPhone
		{E38446D4-2C11-4E11-87BF-F0F4CDF76868}.Debug|ARM.ActiveCfg = Debug|iPhone
		{E38446D4-2C11-4E11-87BF-F0F4CDF76868}.Debug|iPhone.ActiveCfg = Debug|iPhone
		{E38446D4-2C11-4E11-87BF-F0F4CDF76868}.Debug|iPhone.Build.0 = Debug|iPhone
		{E38446D4-2C11-4E11-87BF-F0F4CDF76868}.Debug|iPhoneSimulator.ActiveCfg = Debug|iPhoneSimulator
		{E38446D4-2C11-4E11-87BF-F0F4CDF76868}.Debug|iPhoneSimulator.Build.0 = Debug|iPhoneSimulator
		{E38446D4-2C11-4E11-87BF-F0F4CDF76868}.Debug|x64.ActiveCfg = Debug|iPhone
		{E38446D4-2C11-4E11-87BF-F0F4CDF76868}.Debug|x86.ActiveCfg = Debug|iPhone
		{E38446D4-2C11-4E11-87BF-F0F4CDF76868}.Release|Any CPU.ActiveCfg = Release|iPhone
		{E38446D4-2C11-4E11-87BF-F0F4CDF76868}.Release|ARM.ActiveCfg = Release|iPhone
		{E38446D4-2C11-4E11-87BF-F0F4CDF76868}.Release|iPhone.ActiveCfg = Release|iPhone
		{E38446D4-2C11-4E11-87BF-F0F4CDF76868}.Release|iPhone.Build.0 = Release|iPhone
		{E38446D4-2C11-4E11-87BF-F0F4CDF76868}.Release|iPhoneSimulator.ActiveCfg = Release|iPhoneSimulator
		{E38446D4-2C11-4E11-87BF-F0F4CDF76868}.Release|iPhoneSimulator.Build.0 = Release|iPhoneSimulator
		{E38446D4-2C11-4E11-87BF-F0F4CDF76868}.Release|x64.ActiveCfg = Release|iPhone
		{E38446D4-2C11-4E11-87BF-F0F4CDF76868}.Release|x86.ActiveCfg = Release|iPhone
		{FD34C078-4603-44E1-99AA-61B328002FC8}.Debug|Any CPU.ActiveCfg = Debug|x86
		{FD34C078-4603-44E1-99AA-61B328002FC8}.Debug|ARM.ActiveCfg = Debug|ARM
		{FD34C078-4603-44E1-99AA-61B328002FC8}.Debug|ARM.Build.0 = Debug|ARM
		{FD34C078-4603-44E1-99AA-61B328002FC8}.Debug|ARM.Deploy.0 = Debug|ARM
		{FD34C078-4603-44E1-99AA-61B328002FC8}.Debug|iPhone.ActiveCfg = Debug|x86
		{FD34C078-4603-44E1-99AA-61B328002FC8}.Debug|iPhoneSimulator.ActiveCfg = Debug|x86
		{FD34C078-4603-44E1-99AA-61B328002FC8}.Debug|x64.ActiveCfg = Debug|x64
		{FD34C078-4603-44E1-99AA-61B328002FC8}.Debug|x64.Build.0 = Debug|x64
		{FD34C078-4603-44E1-99AA-61B328002FC8}.Debug|x64.Deploy.0 = Debug|x64
		{FD34C078-4603-44E1-99AA-61B328002FC8}.Debug|x86.ActiveCfg = Debug|x86
		{FD34C078-4603-44E1-99AA-61B328002FC8}.Debug|x86.Build.0 = Debug|x86
		{FD34C078-4603-44E1-99AA-61B328002FC8}.Debug|x86.Deploy.0 = Debug|x86
		{FD34C078-4603-44E1-99AA-61B328002FC8}.Release|Any CPU.ActiveCfg = Release|x86
		{FD34C078-4603-44E1-99AA-61B328002FC8}.Release|ARM.ActiveCfg = Release|ARM
		{FD34C078-4603-44E1-99AA-61B328002FC8}.Release|ARM.Build.0 = Release|ARM
		{FD34C078-4603-44E1-99AA-61B328002FC8}.Release|ARM.Deploy.0 = Release|ARM
		{FD34C078-4603-44E1-99AA-61B328002FC8}.Release|iPhone.ActiveCfg = Release|x86
		{FD34C078-4603-44E1-99AA-61B328002FC8}.Release|iPhoneSimulator.ActiveCfg = Release|x86
		{FD34C078-4603-44E1-99AA-61B328002FC8}.Release|x64.ActiveCfg = Release|x64
		{FD34C078-4603-44E1-99AA-61B328002FC8}.Release|x64.Build.0 = Release|x64
		{FD34C078-4603-44E1-99AA-61B328002FC8}.Release|x64.Deploy.0 = Release|x64
		{FD34C078-4603-44E1-99AA-61B328002FC8}.Release|x86.ActiveCfg = Release|x86
		{FD34C078-4603-44E1-99AA-61B328002FC8}.Release|x86.Build.0 = Release|x86
		{FD34C078-4603-44E1-99AA-61B328002FC8}.Release|x86.Deploy.0 = Release|x86
	EndGlobalSection
	GlobalSection(SolutionProperties) = preSolution
		HideSolutionNode = FALSE
	EndGlobalSection
EndGlobal
